
Microsoft Visual Studio Solution File, Format Version 12.00
# Visual Studio 15
VisualStudioVersion = 15.0.28307.572
MinimumVisualStudioVersion = 10.0.40219.1
Project("{888888A0-9F3D-457C-B088-3A5042F75D52}") = "intro1", "intro1.pyproj", "{50B16729-1368-4584-9FC3-2A65966F78B4}"
EndProject
Global
	GlobalSection(SolutionConfigurationPlatforms) = preSolution
		Debug|Any CPU = Debug|Any CPU
		Release|Any CPU = Release|Any CPU
	EndGlobalSection
	GlobalSection(ProjectConfigurationPlatforms) = postSolution
		{50B16729-1368-4584-9FC3-2A65966F78B4}.Debug|Any CPU.ActiveCfg = Debug|Any CPU
		{50B16729-1368-4584-9FC3-2A65966F78B4}.Release|Any CPU.ActiveCfg = Release|Any CPU
	EndGlobalSection
	GlobalSection(SolutionProperties) = preSolution
		HideSolutionNode = FALSE
	EndGlobalSection
	GlobalSection(ExtensibilityGlobals) = postSolution
		SolutionGuid = {61784D9F-49E4-43F9-A060-3283D86173F5}
	EndGlobalSection
EndGlobal
