
Microsoft Visual Studio Solution File, Format Version 12.00
# Visual Studio 15
VisualStudioVersion = 15.0.28307.572
MinimumVisualStudioVersion = 10.0.40219.1
Project("{888888A0-9F3D-457C-B088-3A5042F75D52}") = "intro1", "intro1.pyproj", "{E59079DF-51C8-4397-A820-CBCDB46DC4E7}"
EndProject
Global
	GlobalSection(SolutionConfigurationPlatforms) = preSolution
		Debug|Any CPU = Debug|Any CPU
		Release|Any CPU = Release|Any CPU
	EndGlobalSection
	GlobalSection(ProjectConfigurationPlatforms) = postSolution
		{E59079DF-51C8-4397-A820-CBCDB46DC4E7}.Debug|Any CPU.ActiveCfg = Debug|Any CPU
		{E59079DF-51C8-4397-A820-CBCDB46DC4E7}.Release|Any CPU.ActiveCfg = Release|Any CPU
	EndGlobalSection
	GlobalSection(SolutionProperties) = preSolution
		HideSolutionNode = FALSE
	EndGlobalSection
	GlobalSection(ExtensibilityGlobals) = postSolution
		SolutionGuid = {60CE80CB-37F4-4B65-81A2-5C0821037B29}
	EndGlobalSection
EndGlobal
