
Microsoft Visual Studio Solution File, Format Version 12.00
# Visual Studio 15
VisualStudioVersion = 15.0.28307.572
MinimumVisualStudioVersion = 10.0.40219.1
Project("{888888A0-9F3D-457C-B088-3A5042F75D52}") = "intro1", "intro1.pyproj", "{73AA1C48-87C2-4213-9207-FEB5ABF78FAD}"
EndProject
Global
	GlobalSection(SolutionConfigurationPlatforms) = preSolution
		Debug|Any CPU = Debug|Any CPU
		Release|Any CPU = Release|Any CPU
	EndGlobalSection
	GlobalSection(ProjectConfigurationPlatforms) = postSolution
		{73AA1C48-87C2-4213-9207-FEB5ABF78FAD}.Debug|Any CPU.ActiveCfg = Debug|Any CPU
		{73AA1C48-87C2-4213-9207-FEB5ABF78FAD}.Release|Any CPU.ActiveCfg = Release|Any CPU
	EndGlobalSection
	GlobalSection(SolutionProperties) = preSolution
		HideSolutionNode = FALSE
	EndGlobalSection
	GlobalSection(ExtensibilityGlobals) = postSolution
		SolutionGuid = {5E9D02F4-0455-492F-9636-8A0E7F909EB8}
	EndGlobalSection
EndGlobal
